
Microsoft Visual Studio Solution File, Format Version 12.00
# Visual Studio 15
VisualStudioVersion = 15.0.27004.2010
MinimumVisualStudioVersion = 10.0.40219.1
Project("{FAE04EC0-301F-11D3-BF4B-00C04F79EFBC}") = "SendingEmail", "SendingEmail\SendingEmail.csproj", "{EB35766A-879A-45BC-B4F7-16F6A4A54CEC}"
EndProject
Global
	GlobalSection(SolutionConfigurationPlatforms) = preSolution
		Debug|Any CPU = Debug|Any CPU
		Release|Any CPU = Release|Any CPU
	EndGlobalSection
	GlobalSection(ProjectConfigurationPlatforms) = postSolution
		{EB35766A-879A-45BC-B4F7-16F6A4A54CEC}.Debug|Any CPU.ActiveCfg = Debug|Any CPU
		{EB35766A-879A-45BC-B4F7-16F6A4A54CEC}.Debug|Any CPU.Build.0 = Debug|Any CPU
		{EB35766A-879A-45BC-B4F7-16F6A4A54CEC}.Release|Any CPU.ActiveCfg = Release|Any CPU
		{EB35766A-879A-45BC-B4F7-16F6A4A54CEC}.Release|Any CPU.Build.0 = Release|Any CPU
	EndGlobalSection
	GlobalSection(SolutionProperties) = preSolution
		HideSolutionNode = FALSE
	EndGlobalSection
	GlobalSection(ExtensibilityGlobals) = postSolution
		SolutionGuid = {3B805B0E-E5C4-4057-8E07-863ADE0E763A}
	EndGlobalSection
EndGlobal
